
Microsoft Visual Studio Solution File, Format Version 12.00
# Visual Studio Version 17
VisualStudioVersion = 17.9.34728.123
MinimumVisualStudioVersion = 10.0.40219.1
Project("{FAE04EC0-301F-11D3-BF4B-00C04F79EFBC}") = "MyWorkoutt.Server", "MyWorkoutt.Server\MyWorkoutt.Server.csproj", "{0C4CAE9A-B89F-43E3-953C-F30D2EC6D3B8}"
EndProject
Project("{54A90642-561A-4BB1-A94E-469ADEE60C69}") = "myworkoutt.client", "myworkoutt.client\myworkoutt.client.esproj", "{1DD5A6EB-F07F-44A3-9A71-B612255102E1}"
EndProject
Global
	GlobalSection(SolutionConfigurationPlatforms) = preSolution
		Debug|Any CPU = Debug|Any CPU
		Release|Any CPU = Release|Any CPU
	EndGlobalSection
	GlobalSection(ProjectConfigurationPlatforms) = postSolution
		{0C4CAE9A-B89F-43E3-953C-F30D2EC6D3B8}.Debug|Any CPU.ActiveCfg = Debug|Any CPU
		{0C4CAE9A-B89F-43E3-953C-F30D2EC6D3B8}.Debug|Any CPU.Build.0 = Debug|Any CPU
		{0C4CAE9A-B89F-43E3-953C-F30D2EC6D3B8}.Release|Any CPU.ActiveCfg = Release|Any CPU
		{0C4CAE9A-B89F-43E3-953C-F30D2EC6D3B8}.Release|Any CPU.Build.0 = Release|Any CPU
		{1DD5A6EB-F07F-44A3-9A71-B612255102E1}.Debug|Any CPU.ActiveCfg = Debug|Any CPU
		{1DD5A6EB-F07F-44A3-9A71-B612255102E1}.Debug|Any CPU.Build.0 = Debug|Any CPU
		{1DD5A6EB-F07F-44A3-9A71-B612255102E1}.Debug|Any CPU.Deploy.0 = Debug|Any CPU
		{1DD5A6EB-F07F-44A3-9A71-B612255102E1}.Release|Any CPU.ActiveCfg = Release|Any CPU
		{1DD5A6EB-F07F-44A3-9A71-B612255102E1}.Release|Any CPU.Build.0 = Release|Any CPU
		{1DD5A6EB-F07F-44A3-9A71-B612255102E1}.Release|Any CPU.Deploy.0 = Release|Any CPU
	EndGlobalSection
	GlobalSection(SolutionProperties) = preSolution
		HideSolutionNode = FALSE
	EndGlobalSection
	GlobalSection(ExtensibilityGlobals) = postSolution
		SolutionGuid = {804F2B2C-E367-413A-A59D-2F04BBBA3C18}
	EndGlobalSection
EndGlobal
